
Microsoft Visual Studio Solution File, Format Version 12.00
# Visual Studio 15
VisualStudioVersion = 15.0.26430.16
MinimumVisualStudioVersion = 10.0.40219.1
Project("{9A19103F-16F7-4668-BE54-9A1E7A4F7556}") = "SonOfCod", "SonOfCod\SonOfCod.csproj", "{1D2581E1-CF0A-4DFC-92E3-2A893E9F44A1}"
EndProject
Project("{2150E333-8FDC-42A3-9474-1A3956D46DE8}") = "tests", "tests", "{ED171BCB-761F-4667-B587-D56397DDDE8E}"
EndProject
Project("{FAE04EC0-301F-11D3-BF4B-00C04F79EFBC}") = "XUnitTestProject1", "XUnitTestProject1\XUnitTestProject1.csproj", "{806F683F-FA48-4819-BB5A-0A05DD5ACF33}"
EndProject
Global
	GlobalSection(SolutionConfigurationPlatforms) = preSolution
		Debug|Any CPU = Debug|Any CPU
		Release|Any CPU = Release|Any CPU
	EndGlobalSection
	GlobalSection(ProjectConfigurationPlatforms) = postSolution
		{1D2581E1-CF0A-4DFC-92E3-2A893E9F44A1}.Debug|Any CPU.ActiveCfg = Debug|Any CPU
		{1D2581E1-CF0A-4DFC-92E3-2A893E9F44A1}.Debug|Any CPU.Build.0 = Debug|Any CPU
		{1D2581E1-CF0A-4DFC-92E3-2A893E9F44A1}.Release|Any CPU.ActiveCfg = Release|Any CPU
		{1D2581E1-CF0A-4DFC-92E3-2A893E9F44A1}.Release|Any CPU.Build.0 = Release|Any CPU
		{806F683F-FA48-4819-BB5A-0A05DD5ACF33}.Debug|Any CPU.ActiveCfg = Debug|Any CPU
		{806F683F-FA48-4819-BB5A-0A05DD5ACF33}.Debug|Any CPU.Build.0 = Debug|Any CPU
		{806F683F-FA48-4819-BB5A-0A05DD5ACF33}.Release|Any CPU.ActiveCfg = Release|Any CPU
		{806F683F-FA48-4819-BB5A-0A05DD5ACF33}.Release|Any CPU.Build.0 = Release|Any CPU
	EndGlobalSection
	GlobalSection(SolutionProperties) = preSolution
		HideSolutionNode = FALSE
	EndGlobalSection
	GlobalSection(NestedProjects) = preSolution
		{806F683F-FA48-4819-BB5A-0A05DD5ACF33} = {ED171BCB-761F-4667-B587-D56397DDDE8E}
	EndGlobalSection
EndGlobal
